
Microsoft Visual Studio Solution File, Format Version 12.00
# Visual Studio Version 17
VisualStudioVersion = 17.7.34302.85
MinimumVisualStudioVersion = 10.0.40219.1
Project("{FAE04EC0-301F-11D3-BF4B-00C04F79EFBC}") = "HW5", "HW5\HW5.csproj", "{3D779B17-A6F3-4CD6-BAF1-B5B308438DCD}"
EndProject
Global
	GlobalSection(SolutionConfigurationPlatforms) = preSolution
		Debug|Any CPU = Debug|Any CPU
		Release|Any CPU = Release|Any CPU
	EndGlobalSection
	GlobalSection(ProjectConfigurationPlatforms) = postSolution
		{3D779B17-A6F3-4CD6-BAF1-B5B308438DCD}.Debug|Any CPU.ActiveCfg = Debug|Any CPU
		{3D779B17-A6F3-4CD6-BAF1-B5B308438DCD}.Debug|Any CPU.Build.0 = Debug|Any CPU
		{3D779B17-A6F3-4CD6-BAF1-B5B308438DCD}.Release|Any CPU.ActiveCfg = Release|Any CPU
		{3D779B17-A6F3-4CD6-BAF1-B5B308438DCD}.Release|Any CPU.Build.0 = Release|Any CPU
	EndGlobalSection
	GlobalSection(SolutionProperties) = preSolution
		HideSolutionNode = FALSE
	EndGlobalSection
	GlobalSection(ExtensibilityGlobals) = postSolution
		SolutionGuid = {AC7D6842-6336-4532-B61F-150F9C01BCE1}
	EndGlobalSection
EndGlobal
